
Microsoft Visual Studio Solution File, Format Version 12.00
# Visual Studio 2013
VisualStudioVersion = 12.0.31101.0
MinimumVisualStudioVersion = 10.0.40219.1
Project("{FAE04EC0-301F-11D3-BF4B-00C04F79EFBC}") = "Drone_Gui", "Drone_Gui\Drone_Gui.csproj", "{6D66F0A5-45DF-48EF-96AC-F62635E208FE}"
EndProject
Project("{FAE04EC0-301F-11D3-BF4B-00C04F79EFBC}") = "XBee", "XBee\XBee.csproj", "{026296FF-9939-49DC-AD87-7F8780D7E1B0}"
EndProject
Project("{FAE04EC0-301F-11D3-BF4B-00C04F79EFBC}") = "XBee_Interface", "XBee_Interface\XBee_Interface.csproj", "{59ECCC12-9152-43A7-B389-B655A765A645}"
EndProject
Project("{FAE04EC0-301F-11D3-BF4B-00C04F79EFBC}") = "XBee.Sample", "XBee.Sample\XBee.Sample.csproj", "{99C041C6-A827-4144-8BA4-D1970C2979B6}"
EndProject
Project("{FAE04EC0-301F-11D3-BF4B-00C04F79EFBC}") = "MAVLink", "Libs\Mavlink\MAVLink.csproj", "{20296734-5F3C-4593-A0D5-DD20B440B13A}"
EndProject
Project("{2150E333-8FDC-42A3-9474-1A3956D46DE8}") = "Libs", "Libs", "{DD6EB7B5-D6D8-426B-B6E4-BC83F50EC42F}"
EndProject
Project("{FAE04EC0-301F-11D3-BF4B-00C04F79EFBC}") = "MissionPlanner.Utilities", "Libs\Utilities\MissionPlanner.Utilities.csproj", "{1378A66C-38E4-46F5-A05F-DC04EF7D4D16}"
EndProject
Project("{2150E333-8FDC-42A3-9474-1A3956D46DE8}") = ".nuget", ".nuget", "{1143D24F-2DD7-4CA9-B652-9065B07C88B3}"
	ProjectSection(SolutionItems) = preProject
		.nuget\NuGet.Config = .nuget\NuGet.Config
		.nuget\NuGet.exe = .nuget\NuGet.exe
		.nuget\NuGet.targets = .nuget\NuGet.targets
	EndProjectSection
EndProject
Project("{FAE04EC0-301F-11D3-BF4B-00C04F79EFBC}") = "BaseClasses", "Libs\BaseClasses\BaseClasses.csproj", "{2A8E8AF5-74E7-49DB-A42E-9360FA7A6CC4}"
EndProject
Project("{FAE04EC0-301F-11D3-BF4B-00C04F79EFBC}") = "MissionPlanner.Comms", "Libs\Comms\MissionPlanner.Comms.csproj", "{825E7A10-390C-4A2B-B3A8-491D14966912}"
EndProject
Project("{FAE04EC0-301F-11D3-BF4B-00C04F79EFBC}") = "MissionPlanner.Controls", "Libs\Controls\MissionPlanner.Controls.csproj", "{C8B88795-6D01-494D-83AD-6944BD4C5023}"
EndProject
Global
	GlobalSection(SolutionConfigurationPlatforms) = preSolution
		Debug|Any CPU = Debug|Any CPU
		Debug|Mixed Platforms = Debug|Mixed Platforms
		Debug|x86 = Debug|x86
		Release|Any CPU = Release|Any CPU
		Release|Mixed Platforms = Release|Mixed Platforms
		Release|x86 = Release|x86
	EndGlobalSection
	GlobalSection(ProjectConfigurationPlatforms) = postSolution
		{6D66F0A5-45DF-48EF-96AC-F62635E208FE}.Debug|Any CPU.ActiveCfg = Debug|Any CPU
		{6D66F0A5-45DF-48EF-96AC-F62635E208FE}.Debug|Any CPU.Build.0 = Debug|Any CPU
		{6D66F0A5-45DF-48EF-96AC-F62635E208FE}.Debug|Mixed Platforms.ActiveCfg = Debug|Any CPU
		{6D66F0A5-45DF-48EF-96AC-F62635E208FE}.Debug|Mixed Platforms.Build.0 = Debug|Any CPU
		{6D66F0A5-45DF-48EF-96AC-F62635E208FE}.Debug|x86.ActiveCfg = Debug|Any CPU
		{6D66F0A5-45DF-48EF-96AC-F62635E208FE}.Release|Any CPU.ActiveCfg = Release|Any CPU
		{6D66F0A5-45DF-48EF-96AC-F62635E208FE}.Release|Any CPU.Build.0 = Release|Any CPU
		{6D66F0A5-45DF-48EF-96AC-F62635E208FE}.Release|Mixed Platforms.ActiveCfg = Release|Any CPU
		{6D66F0A5-45DF-48EF-96AC-F62635E208FE}.Release|Mixed Platforms.Build.0 = Release|Any CPU
		{6D66F0A5-45DF-48EF-96AC-F62635E208FE}.Release|x86.ActiveCfg = Release|Any CPU
		{026296FF-9939-49DC-AD87-7F8780D7E1B0}.Debug|Any CPU.ActiveCfg = Debug|Any CPU
		{026296FF-9939-49DC-AD87-7F8780D7E1B0}.Debug|Any CPU.Build.0 = Debug|Any CPU
		{026296FF-9939-49DC-AD87-7F8780D7E1B0}.Debug|Mixed Platforms.ActiveCfg = Debug|Any CPU
		{026296FF-9939-49DC-AD87-7F8780D7E1B0}.Debug|Mixed Platforms.Build.0 = Debug|Any CPU
		{026296FF-9939-49DC-AD87-7F8780D7E1B0}.Debug|x86.ActiveCfg = Debug|Any CPU
		{026296FF-9939-49DC-AD87-7F8780D7E1B0}.Release|Any CPU.ActiveCfg = Release|Any CPU
		{026296FF-9939-49DC-AD87-7F8780D7E1B0}.Release|Any CPU.Build.0 = Release|Any CPU
		{026296FF-9939-49DC-AD87-7F8780D7E1B0}.Release|Mixed Platforms.ActiveCfg = Release|Any CPU
		{026296FF-9939-49DC-AD87-7F8780D7E1B0}.Release|Mixed Platforms.Build.0 = Release|Any CPU
		{026296FF-9939-49DC-AD87-7F8780D7E1B0}.Release|x86.ActiveCfg = Release|Any CPU
		{59ECCC12-9152-43A7-B389-B655A765A645}.Debug|Any CPU.ActiveCfg = Debug|Any CPU
		{59ECCC12-9152-43A7-B389-B655A765A645}.Debug|Any CPU.Build.0 = Debug|Any CPU
		{59ECCC12-9152-43A7-B389-B655A765A645}.Debug|Mixed Platforms.ActiveCfg = Debug|Any CPU
		{59ECCC12-9152-43A7-B389-B655A765A645}.Debug|Mixed Platforms.Build.0 = Debug|Any CPU
		{59ECCC12-9152-43A7-B389-B655A765A645}.Debug|x86.ActiveCfg = Debug|Any CPU
		{59ECCC12-9152-43A7-B389-B655A765A645}.Release|Any CPU.ActiveCfg = Release|Any CPU
		{59ECCC12-9152-43A7-B389-B655A765A645}.Release|Any CPU.Build.0 = Release|Any CPU
		{59ECCC12-9152-43A7-B389-B655A765A645}.Release|Mixed Platforms.ActiveCfg = Release|Any CPU
		{59ECCC12-9152-43A7-B389-B655A765A645}.Release|Mixed Platforms.Build.0 = Release|Any CPU
		{59ECCC12-9152-43A7-B389-B655A765A645}.Release|x86.ActiveCfg = Release|Any CPU
		{99C041C6-A827-4144-8BA4-D1970C2979B6}.Debug|Any CPU.ActiveCfg = Debug|x86
		{99C041C6-A827-4144-8BA4-D1970C2979B6}.Debug|Mixed Platforms.ActiveCfg = Debug|x86
		{99C041C6-A827-4144-8BA4-D1970C2979B6}.Debug|Mixed Platforms.Build.0 = Debug|x86
		{99C041C6-A827-4144-8BA4-D1970C2979B6}.Debug|x86.ActiveCfg = Debug|x86
		{99C041C6-A827-4144-8BA4-D1970C2979B6}.Debug|x86.Build.0 = Debug|x86
		{99C041C6-A827-4144-8BA4-D1970C2979B6}.Release|Any CPU.ActiveCfg = Release|x86
		{99C041C6-A827-4144-8BA4-D1970C2979B6}.Release|Mixed Platforms.ActiveCfg = Release|x86
		{99C041C6-A827-4144-8BA4-D1970C2979B6}.Release|Mixed Platforms.Build.0 = Release|x86
		{99C041C6-A827-4144-8BA4-D1970C2979B6}.Release|x86.ActiveCfg = Release|x86
		{99C041C6-A827-4144-8BA4-D1970C2979B6}.Release|x86.Build.0 = Release|x86
		{20296734-5F3C-4593-A0D5-DD20B440B13A}.Debug|Any CPU.ActiveCfg = Debug|Any CPU
		{20296734-5F3C-4593-A0D5-DD20B440B13A}.Debug|Any CPU.Build.0 = Debug|Any CPU
		{20296734-5F3C-4593-A0D5-DD20B440B13A}.Debug|Mixed Platforms.ActiveCfg = Debug|Any CPU
		{20296734-5F3C-4593-A0D5-DD20B440B13A}.Debug|Mixed Platforms.Build.0 = Debug|Any CPU
		{20296734-5F3C-4593-A0D5-DD20B440B13A}.Debug|x86.ActiveCfg = Debug|Any CPU
		{20296734-5F3C-4593-A0D5-DD20B440B13A}.Release|Any CPU.ActiveCfg = Release|Any CPU
		{20296734-5F3C-4593-A0D5-DD20B440B13A}.Release|Any CPU.Build.0 = Release|Any CPU
		{20296734-5F3C-4593-A0D5-DD20B440B13A}.Release|Mixed Platforms.ActiveCfg = Release|Any CPU
		{20296734-5F3C-4593-A0D5-DD20B440B13A}.Release|Mixed Platforms.Build.0 = Release|Any CPU
		{20296734-5F3C-4593-A0D5-DD20B440B13A}.Release|x86.ActiveCfg = Release|Any CPU
		{1378A66C-38E4-46F5-A05F-DC04EF7D4D16}.Debug|Any CPU.ActiveCfg = Debug|Any CPU
		{1378A66C-38E4-46F5-A05F-DC04EF7D4D16}.Debug|Any CPU.Build.0 = Debug|Any CPU
		{1378A66C-38E4-46F5-A05F-DC04EF7D4D16}.Debug|Mixed Platforms.ActiveCfg = Debug|Any CPU
		{1378A66C-38E4-46F5-A05F-DC04EF7D4D16}.Debug|Mixed Platforms.Build.0 = Debug|Any CPU
		{1378A66C-38E4-46F5-A05F-DC04EF7D4D16}.Debug|x86.ActiveCfg = Debug|Any CPU
		{1378A66C-38E4-46F5-A05F-DC04EF7D4D16}.Release|Any CPU.ActiveCfg = Release|Any CPU
		{1378A66C-38E4-46F5-A05F-DC04EF7D4D16}.Release|Any CPU.Build.0 = Release|Any CPU
		{1378A66C-38E4-46F5-A05F-DC04EF7D4D16}.Release|Mixed Platforms.ActiveCfg = Release|Any CPU
		{1378A66C-38E4-46F5-A05F-DC04EF7D4D16}.Release|Mixed Platforms.Build.0 = Release|Any CPU
		{1378A66C-38E4-46F5-A05F-DC04EF7D4D16}.Release|x86.ActiveCfg = Release|Any CPU
		{2A8E8AF5-74E7-49DB-A42E-9360FA7A6CC4}.Debug|Any CPU.ActiveCfg = Debug|Any CPU
		{2A8E8AF5-74E7-49DB-A42E-9360FA7A6CC4}.Debug|Any CPU.Build.0 = Debug|Any CPU
		{2A8E8AF5-74E7-49DB-A42E-9360FA7A6CC4}.Debug|Mixed Platforms.ActiveCfg = Debug|Any CPU
		{2A8E8AF5-74E7-49DB-A42E-9360FA7A6CC4}.Debug|Mixed Platforms.Build.0 = Debug|Any CPU
		{2A8E8AF5-74E7-49DB-A42E-9360FA7A6CC4}.Debug|x86.ActiveCfg = Debug|Any CPU
		{2A8E8AF5-74E7-49DB-A42E-9360FA7A6CC4}.Release|Any CPU.ActiveCfg = Release|Any CPU
		{2A8E8AF5-74E7-49DB-A42E-9360FA7A6CC4}.Release|Any CPU.Build.0 = Release|Any CPU
		{2A8E8AF5-74E7-49DB-A42E-9360FA7A6CC4}.Release|Mixed Platforms.ActiveCfg = Release|Any CPU
		{2A8E8AF5-74E7-49DB-A42E-9360FA7A6CC4}.Release|Mixed Platforms.Build.0 = Release|Any CPU
		{2A8E8AF5-74E7-49DB-A42E-9360FA7A6CC4}.Release|x86.ActiveCfg = Release|Any CPU
		{825E7A10-390C-4A2B-B3A8-491D14966912}.Debug|Any CPU.ActiveCfg = Debug|Any CPU
		{825E7A10-390C-4A2B-B3A8-491D14966912}.Debug|Any CPU.Build.0 = Debug|Any CPU
		{825E7A10-390C-4A2B-B3A8-491D14966912}.Debug|Mixed Platforms.ActiveCfg = Debug|Any CPU
		{825E7A10-390C-4A2B-B3A8-491D14966912}.Debug|Mixed Platforms.Build.0 = Debug|Any CPU
		{825E7A10-390C-4A2B-B3A8-491D14966912}.Debug|x86.ActiveCfg = Debug|Any CPU
		{825E7A10-390C-4A2B-B3A8-491D14966912}.Release|Any CPU.ActiveCfg = Release|Any CPU
		{825E7A10-390C-4A2B-B3A8-491D14966912}.Release|Any CPU.Build.0 = Release|Any CPU
		{825E7A10-390C-4A2B-B3A8-491D14966912}.Release|Mixed Platforms.ActiveCfg = Release|Any CPU
		{825E7A10-390C-4A2B-B3A8-491D14966912}.Release|Mixed Platforms.Build.0 = Release|Any CPU
		{825E7A10-390C-4A2B-B3A8-491D14966912}.Release|x86.ActiveCfg = Release|Any CPU
		{C8B88795-6D01-494D-83AD-6944BD4C5023}.Debug|Any CPU.ActiveCfg = Debug|Any CPU
		{C8B88795-6D01-494D-83AD-6944BD4C5023}.Debug|Any CPU.Build.0 = Debug|Any CPU
		{C8B88795-6D01-494D-83AD-6944BD4C5023}.Debug|Mixed Platforms.ActiveCfg = Debug|Any CPU
		{C8B88795-6D01-494D-83AD-6944BD4C5023}.Debug|Mixed Platforms.Build.0 = Debug|Any CPU
		{C8B88795-6D01-494D-83AD-6944BD4C5023}.Debug|x86.ActiveCfg = Debug|Any CPU
		{C8B88795-6D01-494D-83AD-6944BD4C5023}.Release|Any CPU.ActiveCfg = Release|Any CPU
		{C8B88795-6D01-494D-83AD-6944BD4C5023}.Release|Any CPU.Build.0 = Release|Any CPU
		{C8B88795-6D01-494D-83AD-6944BD4C5023}.Release|Mixed Platforms.ActiveCfg = Release|Any CPU
		{C8B88795-6D01-494D-83AD-6944BD4C5023}.Release|Mixed Platforms.Build.0 = Release|Any CPU
		{C8B88795-6D01-494D-83AD-6944BD4C5023}.Release|x86.ActiveCfg = Release|Any CPU
	EndGlobalSection
	GlobalSection(SolutionProperties) = preSolution
		HideSolutionNode = FALSE
	EndGlobalSection
	GlobalSection(NestedProjects) = preSolution
		{20296734-5F3C-4593-A0D5-DD20B440B13A} = {DD6EB7B5-D6D8-426B-B6E4-BC83F50EC42F}
		{1378A66C-38E4-46F5-A05F-DC04EF7D4D16} = {DD6EB7B5-D6D8-426B-B6E4-BC83F50EC42F}
		{2A8E8AF5-74E7-49DB-A42E-9360FA7A6CC4} = {DD6EB7B5-D6D8-426B-B6E4-BC83F50EC42F}
		{825E7A10-390C-4A2B-B3A8-491D14966912} = {DD6EB7B5-D6D8-426B-B6E4-BC83F50EC42F}
		{C8B88795-6D01-494D-83AD-6944BD4C5023} = {DD6EB7B5-D6D8-426B-B6E4-BC83F50EC42F}
	EndGlobalSection
EndGlobal
