
Microsoft Visual Studio Solution File, Format Version 12.00
# Visual Studio 2013
VisualStudioVersion = 12.0.31101.0
MinimumVisualStudioVersion = 10.0.40219.1
Project("{FAE04EC0-301F-11D3-BF4B-00C04F79EFBC}") = "Proto_XBee", "Proto_XBee\Proto_XBee.csproj", "{A56B2B75-BEFE-47A7-A54D-D3D25A655438}"
EndProject
Project("{FAE04EC0-301F-11D3-BF4B-00C04F79EFBC}") = "XBee", "XBee\XBee.csproj", "{BDE38B50-4D8C-415C-AB8D-EE40742917EA}"
EndProject
Global
	GlobalSection(SolutionConfigurationPlatforms) = preSolution
		Debug|Any CPU = Debug|Any CPU
		Release|Any CPU = Release|Any CPU
	EndGlobalSection
	GlobalSection(ProjectConfigurationPlatforms) = postSolution
		{A56B2B75-BEFE-47A7-A54D-D3D25A655438}.Debug|Any CPU.ActiveCfg = Debug|Any CPU
		{A56B2B75-BEFE-47A7-A54D-D3D25A655438}.Debug|Any CPU.Build.0 = Debug|Any CPU
		{A56B2B75-BEFE-47A7-A54D-D3D25A655438}.Release|Any CPU.ActiveCfg = Release|Any CPU
		{A56B2B75-BEFE-47A7-A54D-D3D25A655438}.Release|Any CPU.Build.0 = Release|Any CPU
		{BDE38B50-4D8C-415C-AB8D-EE40742917EA}.Debug|Any CPU.ActiveCfg = Debug|Any CPU
		{BDE38B50-4D8C-415C-AB8D-EE40742917EA}.Debug|Any CPU.Build.0 = Debug|Any CPU
		{BDE38B50-4D8C-415C-AB8D-EE40742917EA}.Release|Any CPU.ActiveCfg = Release|Any CPU
		{BDE38B50-4D8C-415C-AB8D-EE40742917EA}.Release|Any CPU.Build.0 = Release|Any CPU
	EndGlobalSection
	GlobalSection(SolutionProperties) = preSolution
		HideSolutionNode = FALSE
	EndGlobalSection
EndGlobal
