
Microsoft Visual Studio Solution File, Format Version 12.00
# Visual Studio 2013
VisualStudioVersion = 12.0.31101.0
MinimumVisualStudioVersion = 10.0.40219.1
Project("{8BC9CEB8-8B4A-11D0-8D11-00A0C91BC942}") = "APMrover2", "APMrover2.vcxproj", "{793ED975-4F1D-4353-BF2E-D807A42F01A6}"
EndProject
Global
	GlobalSection(SolutionConfigurationPlatforms) = preSolution
		Debug|Win32 = Debug|Win32
		Release|Win32 = Release|Win32
	EndGlobalSection
	GlobalSection(ProjectConfigurationPlatforms) = postSolution
		{793ED975-4F1D-4353-BF2E-D807A42F01A6}.Debug|Win32.ActiveCfg = Debug|Win32
		{793ED975-4F1D-4353-BF2E-D807A42F01A6}.Debug|Win32.Build.0 = Debug|Win32
		{793ED975-4F1D-4353-BF2E-D807A42F01A6}.Release|Win32.ActiveCfg = Release|Win32
		{793ED975-4F1D-4353-BF2E-D807A42F01A6}.Release|Win32.Build.0 = Release|Win32
	EndGlobalSection
	GlobalSection(SolutionProperties) = preSolution
		HideSolutionNode = FALSE
	EndGlobalSection
EndGlobal
